{
  "name": "milestone2",
  "lockfileVersion": 2,
  "requires": true,
  "packages": {
    "": {
      "dependencies": {
        "apt": "^0.0.2",
        "kind": "^0.1.0",
        "kubectl": "^0.0.0"
      }
    },
    "node_modules/apt": {
      "version": "0.0.2",
      "resolved": "https://registry.npmjs.org/apt/-/apt-0.0.2.tgz",
      "integrity": "sha512-RJjx3uUu4RP5oREO0Dpoy6H4Gp7gQbuE1C9av4GUclXrPCpfYy+iUt8ac2aI+hWWH5Y8JlsW2P8AlnDOCCi+SA==",
      "dependencies": {
        "underscore": "latest"
      },
      "engines": {
        "node": ">=0.8"
      }
    },
    "node_modules/kind": {
      "version": "0.1.0",
      "resolved": "https://registry.npmjs.org/kind/-/kind-0.1.0.tgz",
      "integrity": "sha512-+0c9ZxtW725kjrWeH3ZXRm2LkTrd2F1wyeYNHCNG6svrVc4kpQSFKfHDDacZSEyifEy5dZcBL9OYDPvoWtsrOw==",
      "engines": {
        "node": ">= 0.8.0"
      }
    },
    "node_modules/kubectl": {
      "version": "0.0.0",
      "resolved": "https://registry.npmjs.org/kubectl/-/kubectl-0.0.0.tgz",
      "integrity": "sha512-+qfXUPeueEJynJpxCMIr5OsuB7OgKb61/YbiHF1cO8glYHeBlA+FZZ3hooxCiv64Mk02QNEZMEjfcH9dHNtrUA=="
    },
    "node_modules/underscore": {
      "version": "1.13.6",
      "resolved": "https://registry.npmjs.org/underscore/-/underscore-1.13.6.tgz",
      "integrity": "sha512-+A5Sja4HP1M08MaXya7p5LvjuM7K6q/2EaC0+iovj/wOcMsTzMvDFbasi/oSapiwOlt252IqsKqPjCl7huKS0A=="
    }
  },
  "dependencies": {
    "apt": {
      "version": "0.0.2",
      "resolved": "https://registry.npmjs.org/apt/-/apt-0.0.2.tgz",
      "integrity": "sha512-RJjx3uUu4RP5oREO0Dpoy6H4Gp7gQbuE1C9av4GUclXrPCpfYy+iUt8ac2aI+hWWH5Y8JlsW2P8AlnDOCCi+SA==",
      "requires": {
        "underscore": "latest"
      }
    },
    "kind": {
      "version": "0.1.0",
      "resolved": "https://registry.npmjs.org/kind/-/kind-0.1.0.tgz",
      "integrity": "sha512-+0c9ZxtW725kjrWeH3ZXRm2LkTrd2F1wyeYNHCNG6svrVc4kpQSFKfHDDacZSEyifEy5dZcBL9OYDPvoWtsrOw=="
    },
    "kubectl": {
      "version": "0.0.0",
      "resolved": "https://registry.npmjs.org/kubectl/-/kubectl-0.0.0.tgz",
      "integrity": "sha512-+qfXUPeueEJynJpxCMIr5OsuB7OgKb61/YbiHF1cO8glYHeBlA+FZZ3hooxCiv64Mk02QNEZMEjfcH9dHNtrUA=="
    },
    "underscore": {
      "version": "1.13.6",
      "resolved": "https://registry.npmjs.org/underscore/-/underscore-1.13.6.tgz",
      "integrity": "sha512-+A5Sja4HP1M08MaXya7p5LvjuM7K6q/2EaC0+iovj/wOcMsTzMvDFbasi/oSapiwOlt252IqsKqPjCl7huKS0A=="
    }
  }
}
